{
  "object": {
    "pins": [
      {
        "package": "FMDB",
        "repositoryURL": "https://github.com/ccgus/fmdb",
        "state": {
          "branch": null,
          "revision": "61e51fde7f7aab6554f30ab061cc588b28a97d04",
          "version": "2.7.7"
        }
      },
      {
        "package": "MMTabBarView",
        "repositoryURL": "https://github.com/ViennaRSS/MMTabBarView",
        "state": {
          "branch": "v/1.4.10",
          "revision": "5af818fe7769c595e41c6fb28c1c945454c97ecb",
          "version": null
        }
      },
      {
        "package": "Sparkle",
        "repositoryURL": "https://github.com/sparkle-project/Sparkle",
        "state": {
          "branch": null,
          "revision": "891afd44c7075e699924ed9b81d8dc94a5111dfd",
          "version": null
        }
      }
    ]
  },
  "version": 1
}
